
Microsoft Visual Studio Solution File, Format Version 12.00
# Visual Studio Version 16
VisualStudioVersion = 16.0.29609.76
MinimumVisualStudioVersion = 10.0.40219.1
Project("{9A19103F-16F7-4668-BE54-9A1E7A4F7556}") = "Reminder.Storage.Memory", "Reminder.Storege.Memory\Reminder.Storage.Memory.csproj", "{79E25E01-BC86-4755-AFED-3FD638F85727}"
EndProject
Project("{2150E333-8FDC-42A3-9474-1A3956D46DE8}") = "app", "app", "{44277747-ADC9-477D-8281-C7A159DFCF66}"
EndProject
Project("{2150E333-8FDC-42A3-9474-1A3956D46DE8}") = "Solution test", "Solution test", "{A6E9FA52-1B2B-4B8B-BE75-6662F9F84C21}"
EndProject
Project("{9A19103F-16F7-4668-BE54-9A1E7A4F7556}") = "Reminder.Storage.Memory.Tests", "Reminder.Storage.Memory.Tests\Reminder.Storage.Memory.Tests.csproj", "{E0902F41-9681-4C6A-9FCE-8AFFAFC82DDF}"
EndProject
Project("{9A19103F-16F7-4668-BE54-9A1E7A4F7556}") = "Reminder.Storage", "..\ClassLibrary1\Reminder.Storage.csproj", "{A2103851-18EE-4B37-A447-C5B8E428B761}"
EndProject
Project("{9A19103F-16F7-4668-BE54-9A1E7A4F7556}") = "Reminder.Domain", "Reminder.Domain\Reminder.Domain.csproj", "{608AB5B4-5D28-469C-8690-87860D588DE0}"
EndProject
Project("{9A19103F-16F7-4668-BE54-9A1E7A4F7556}") = "Reminder", "Reminder\Reminder.csproj", "{592932AE-5DA1-464C-8D18-85724014C39C}"
EndProject
Project("{9A19103F-16F7-4668-BE54-9A1E7A4F7556}") = "Reminder.Sender", "Reminder.Sender\Reminder.Sender.csproj", "{31EE8CC2-B1BD-431D-A103-C568A6F3CDF6}"
EndProject
Project("{9A19103F-16F7-4668-BE54-9A1E7A4F7556}") = "Reminder.Receiver", "Reminder.Receiver\Reminder.Receiver.csproj", "{F7DF4126-1AD9-4388-AE5D-CDD18FF3042B}"
EndProject
Project("{9A19103F-16F7-4668-BE54-9A1E7A4F7556}") = "Reminder.Domain.Tests", "Reminder.Domain.Tests\Reminder.Domain.Tests.csproj", "{B2EF6FCC-B233-4D32-82B5-60A59F7A96F6}"
EndProject
Project("{9A19103F-16F7-4668-BE54-9A1E7A4F7556}") = "Reminder.Sender.Telegram", "Reminder.Sender.Telegram\Reminder.Sender.Telegram.csproj", "{3DBEDCB2-DE63-464A-8798-79FA3F8F310E}"
EndProject
Project("{9A19103F-16F7-4668-BE54-9A1E7A4F7556}") = "Reminder.Receiver.Telegram", "Reminder.Receiver.Telegram\Reminder.Receiver.Telegram.csproj", "{A1813E35-0796-478F-B627-F30E21AB6BA1}"
EndProject
Project("{9A19103F-16F7-4668-BE54-9A1E7A4F7556}") = "Reminder.Storage.Tests", "Reminder.Storage.Tests\Reminder.Storage.Tests.csproj", "{AEC67CE1-2EA1-477B-BA26-1B01AA9D44A9}"
EndProject
Project("{9A19103F-16F7-4668-BE54-9A1E7A4F7556}") = "Reminder.WebApi", "Reminder.WebApi\Reminder.WebApi.csproj", "{8C8D093E-8021-4110-94C8-DA582630A6CB}"
EndProject
Project("{9A19103F-16F7-4668-BE54-9A1E7A4F7556}") = "Reminder.Storage.WebApi", "Reminder.Storage.WebApi\Reminder.Storage.WebApi.csproj", "{63379D22-200C-42AD-A3BD-9D6E3D41CC4F}"
EndProject
Project("{9A19103F-16F7-4668-BE54-9A1E7A4F7556}") = "Reminder.Receiver.Tests", "Reminder.Receiver.Tests\Reminder.Receiver.Tests.csproj", "{4E83BE31-216C-4DDC-B9D5-A02FA6C6290D}"
EndProject
Project("{FAE04EC0-301F-11D3-BF4B-00C04F79EFBC}") = "Reminder.Sender.Tests", "Reminder.Sender.Tests\Reminder.Sender.Tests.csproj", "{AC87B03D-00BF-4146-98CE-A7B2CEBE5E6D}"
EndProject
Global
	GlobalSection(SolutionConfigurationPlatforms) = preSolution
		Debug|Any CPU = Debug|Any CPU
		Release|Any CPU = Release|Any CPU
	EndGlobalSection
	GlobalSection(ProjectConfigurationPlatforms) = postSolution
		{79E25E01-BC86-4755-AFED-3FD638F85727}.Debug|Any CPU.ActiveCfg = Debug|Any CPU
		{79E25E01-BC86-4755-AFED-3FD638F85727}.Debug|Any CPU.Build.0 = Debug|Any CPU
		{79E25E01-BC86-4755-AFED-3FD638F85727}.Release|Any CPU.ActiveCfg = Release|Any CPU
		{79E25E01-BC86-4755-AFED-3FD638F85727}.Release|Any CPU.Build.0 = Release|Any CPU
		{E0902F41-9681-4C6A-9FCE-8AFFAFC82DDF}.Debug|Any CPU.ActiveCfg = Debug|Any CPU
		{E0902F41-9681-4C6A-9FCE-8AFFAFC82DDF}.Debug|Any CPU.Build.0 = Debug|Any CPU
		{E0902F41-9681-4C6A-9FCE-8AFFAFC82DDF}.Release|Any CPU.ActiveCfg = Release|Any CPU
		{E0902F41-9681-4C6A-9FCE-8AFFAFC82DDF}.Release|Any CPU.Build.0 = Release|Any CPU
		{A2103851-18EE-4B37-A447-C5B8E428B761}.Debug|Any CPU.ActiveCfg = Debug|Any CPU
		{A2103851-18EE-4B37-A447-C5B8E428B761}.Debug|Any CPU.Build.0 = Debug|Any CPU
		{A2103851-18EE-4B37-A447-C5B8E428B761}.Release|Any CPU.ActiveCfg = Release|Any CPU
		{A2103851-18EE-4B37-A447-C5B8E428B761}.Release|Any CPU.Build.0 = Release|Any CPU
		{608AB5B4-5D28-469C-8690-87860D588DE0}.Debug|Any CPU.ActiveCfg = Debug|Any CPU
		{608AB5B4-5D28-469C-8690-87860D588DE0}.Debug|Any CPU.Build.0 = Debug|Any CPU
		{608AB5B4-5D28-469C-8690-87860D588DE0}.Release|Any CPU.ActiveCfg = Release|Any CPU
		{608AB5B4-5D28-469C-8690-87860D588DE0}.Release|Any CPU.Build.0 = Release|Any CPU
		{592932AE-5DA1-464C-8D18-85724014C39C}.Debug|Any CPU.ActiveCfg = Debug|Any CPU
		{592932AE-5DA1-464C-8D18-85724014C39C}.Debug|Any CPU.Build.0 = Debug|Any CPU
		{592932AE-5DA1-464C-8D18-85724014C39C}.Release|Any CPU.ActiveCfg = Release|Any CPU
		{592932AE-5DA1-464C-8D18-85724014C39C}.Release|Any CPU.Build.0 = Release|Any CPU
		{31EE8CC2-B1BD-431D-A103-C568A6F3CDF6}.Debug|Any CPU.ActiveCfg = Debug|Any CPU
		{31EE8CC2-B1BD-431D-A103-C568A6F3CDF6}.Debug|Any CPU.Build.0 = Debug|Any CPU
		{31EE8CC2-B1BD-431D-A103-C568A6F3CDF6}.Release|Any CPU.ActiveCfg = Release|Any CPU
		{31EE8CC2-B1BD-431D-A103-C568A6F3CDF6}.Release|Any CPU.Build.0 = Release|Any CPU
		{F7DF4126-1AD9-4388-AE5D-CDD18FF3042B}.Debug|Any CPU.ActiveCfg = Debug|Any CPU
		{F7DF4126-1AD9-4388-AE5D-CDD18FF3042B}.Debug|Any CPU.Build.0 = Debug|Any CPU
		{F7DF4126-1AD9-4388-AE5D-CDD18FF3042B}.Release|Any CPU.ActiveCfg = Release|Any CPU
		{F7DF4126-1AD9-4388-AE5D-CDD18FF3042B}.Release|Any CPU.Build.0 = Release|Any CPU
		{B2EF6FCC-B233-4D32-82B5-60A59F7A96F6}.Debug|Any CPU.ActiveCfg = Debug|Any CPU
		{B2EF6FCC-B233-4D32-82B5-60A59F7A96F6}.Debug|Any CPU.Build.0 = Debug|Any CPU
		{B2EF6FCC-B233-4D32-82B5-60A59F7A96F6}.Release|Any CPU.ActiveCfg = Release|Any CPU
		{B2EF6FCC-B233-4D32-82B5-60A59F7A96F6}.Release|Any CPU.Build.0 = Release|Any CPU
		{3DBEDCB2-DE63-464A-8798-79FA3F8F310E}.Debug|Any CPU.ActiveCfg = Debug|Any CPU
		{3DBEDCB2-DE63-464A-8798-79FA3F8F310E}.Debug|Any CPU.Build.0 = Debug|Any CPU
		{3DBEDCB2-DE63-464A-8798-79FA3F8F310E}.Release|Any CPU.ActiveCfg = Release|Any CPU
		{3DBEDCB2-DE63-464A-8798-79FA3F8F310E}.Release|Any CPU.Build.0 = Release|Any CPU
		{A1813E35-0796-478F-B627-F30E21AB6BA1}.Debug|Any CPU.ActiveCfg = Debug|Any CPU
		{A1813E35-0796-478F-B627-F30E21AB6BA1}.Debug|Any CPU.Build.0 = Debug|Any CPU
		{A1813E35-0796-478F-B627-F30E21AB6BA1}.Release|Any CPU.ActiveCfg = Release|Any CPU
		{A1813E35-0796-478F-B627-F30E21AB6BA1}.Release|Any CPU.Build.0 = Release|Any CPU
		{AEC67CE1-2EA1-477B-BA26-1B01AA9D44A9}.Debug|Any CPU.ActiveCfg = Debug|Any CPU
		{AEC67CE1-2EA1-477B-BA26-1B01AA9D44A9}.Debug|Any CPU.Build.0 = Debug|Any CPU
		{AEC67CE1-2EA1-477B-BA26-1B01AA9D44A9}.Release|Any CPU.ActiveCfg = Release|Any CPU
		{AEC67CE1-2EA1-477B-BA26-1B01AA9D44A9}.Release|Any CPU.Build.0 = Release|Any CPU
		{8C8D093E-8021-4110-94C8-DA582630A6CB}.Debug|Any CPU.ActiveCfg = Debug|Any CPU
		{8C8D093E-8021-4110-94C8-DA582630A6CB}.Debug|Any CPU.Build.0 = Debug|Any CPU
		{8C8D093E-8021-4110-94C8-DA582630A6CB}.Release|Any CPU.ActiveCfg = Release|Any CPU
		{8C8D093E-8021-4110-94C8-DA582630A6CB}.Release|Any CPU.Build.0 = Release|Any CPU
		{63379D22-200C-42AD-A3BD-9D6E3D41CC4F}.Debug|Any CPU.ActiveCfg = Debug|Any CPU
		{63379D22-200C-42AD-A3BD-9D6E3D41CC4F}.Debug|Any CPU.Build.0 = Debug|Any CPU
		{63379D22-200C-42AD-A3BD-9D6E3D41CC4F}.Release|Any CPU.ActiveCfg = Release|Any CPU
		{63379D22-200C-42AD-A3BD-9D6E3D41CC4F}.Release|Any CPU.Build.0 = Release|Any CPU
		{4E83BE31-216C-4DDC-B9D5-A02FA6C6290D}.Debug|Any CPU.ActiveCfg = Debug|Any CPU
		{4E83BE31-216C-4DDC-B9D5-A02FA6C6290D}.Debug|Any CPU.Build.0 = Debug|Any CPU
		{4E83BE31-216C-4DDC-B9D5-A02FA6C6290D}.Release|Any CPU.ActiveCfg = Release|Any CPU
		{4E83BE31-216C-4DDC-B9D5-A02FA6C6290D}.Release|Any CPU.Build.0 = Release|Any CPU
		{AC87B03D-00BF-4146-98CE-A7B2CEBE5E6D}.Debug|Any CPU.ActiveCfg = Debug|Any CPU
		{AC87B03D-00BF-4146-98CE-A7B2CEBE5E6D}.Debug|Any CPU.Build.0 = Debug|Any CPU
		{AC87B03D-00BF-4146-98CE-A7B2CEBE5E6D}.Release|Any CPU.ActiveCfg = Release|Any CPU
		{AC87B03D-00BF-4146-98CE-A7B2CEBE5E6D}.Release|Any CPU.Build.0 = Release|Any CPU
	EndGlobalSection
	GlobalSection(SolutionProperties) = preSolution
		HideSolutionNode = FALSE
	EndGlobalSection
	GlobalSection(NestedProjects) = preSolution
		{79E25E01-BC86-4755-AFED-3FD638F85727} = {44277747-ADC9-477D-8281-C7A159DFCF66}
		{E0902F41-9681-4C6A-9FCE-8AFFAFC82DDF} = {A6E9FA52-1B2B-4B8B-BE75-6662F9F84C21}
		{A2103851-18EE-4B37-A447-C5B8E428B761} = {44277747-ADC9-477D-8281-C7A159DFCF66}
		{608AB5B4-5D28-469C-8690-87860D588DE0} = {44277747-ADC9-477D-8281-C7A159DFCF66}
		{592932AE-5DA1-464C-8D18-85724014C39C} = {44277747-ADC9-477D-8281-C7A159DFCF66}
		{31EE8CC2-B1BD-431D-A103-C568A6F3CDF6} = {44277747-ADC9-477D-8281-C7A159DFCF66}
		{F7DF4126-1AD9-4388-AE5D-CDD18FF3042B} = {44277747-ADC9-477D-8281-C7A159DFCF66}
		{B2EF6FCC-B233-4D32-82B5-60A59F7A96F6} = {A6E9FA52-1B2B-4B8B-BE75-6662F9F84C21}
		{3DBEDCB2-DE63-464A-8798-79FA3F8F310E} = {44277747-ADC9-477D-8281-C7A159DFCF66}
		{A1813E35-0796-478F-B627-F30E21AB6BA1} = {44277747-ADC9-477D-8281-C7A159DFCF66}
		{AEC67CE1-2EA1-477B-BA26-1B01AA9D44A9} = {A6E9FA52-1B2B-4B8B-BE75-6662F9F84C21}
		{8C8D093E-8021-4110-94C8-DA582630A6CB} = {44277747-ADC9-477D-8281-C7A159DFCF66}
		{63379D22-200C-42AD-A3BD-9D6E3D41CC4F} = {44277747-ADC9-477D-8281-C7A159DFCF66}
		{4E83BE31-216C-4DDC-B9D5-A02FA6C6290D} = {A6E9FA52-1B2B-4B8B-BE75-6662F9F84C21}
		{AC87B03D-00BF-4146-98CE-A7B2CEBE5E6D} = {A6E9FA52-1B2B-4B8B-BE75-6662F9F84C21}
	EndGlobalSection
	GlobalSection(ExtensibilityGlobals) = postSolution
		SolutionGuid = {AB471404-C302-48B7-8DC7-591DDEFAA6E1}
	EndGlobalSection
EndGlobal
