
Microsoft Visual Studio Solution File, Format Version 12.00
# Visual Studio 15
VisualStudioVersion = 15.0.28307.705
MinimumVisualStudioVersion = 10.0.40219.1
Project("{FAE04EC0-301F-11D3-BF4B-00C04F79EFBC}") = "ConsoleApp1", "ConsoleApp1\ConsoleApp1.csproj", "{720D18CE-A5B0-40C8-9D67-0DB6DFA5F171}"
EndProject
Global
	GlobalSection(SolutionConfigurationPlatforms) = preSolution
		Debug|Any CPU = Debug|Any CPU
		Release|Any CPU = Release|Any CPU
	EndGlobalSection
	GlobalSection(ProjectConfigurationPlatforms) = postSolution
		{720D18CE-A5B0-40C8-9D67-0DB6DFA5F171}.Debug|Any CPU.ActiveCfg = Debug|Any CPU
		{720D18CE-A5B0-40C8-9D67-0DB6DFA5F171}.Debug|Any CPU.Build.0 = Debug|Any CPU
		{720D18CE-A5B0-40C8-9D67-0DB6DFA5F171}.Release|Any CPU.ActiveCfg = Release|Any CPU
		{720D18CE-A5B0-40C8-9D67-0DB6DFA5F171}.Release|Any CPU.Build.0 = Release|Any CPU
	EndGlobalSection
	GlobalSection(SolutionProperties) = preSolution
		HideSolutionNode = FALSE
	EndGlobalSection
	GlobalSection(ExtensibilityGlobals) = postSolution
		SolutionGuid = {DF45CF2F-66C9-4C88-8988-3CE257F21A34}
	EndGlobalSection
EndGlobal
