
Microsoft Visual Studio Solution File, Format Version 12.00
# Visual Studio Version 16
VisualStudioVersion = 16.0.29306.81
MinimumVisualStudioVersion = 10.0.40219.1
Project("{FAE04EC0-301F-11D3-BF4B-00C04F79EFBC}") = "Calculator№2", "Calculator№2.csproj", "{C8079CAD-801A-4A20-99FF-31E7FB399664}"
EndProject
Global
	GlobalSection(SolutionConfigurationPlatforms) = preSolution
		Debug|Any CPU = Debug|Any CPU
		Release|Any CPU = Release|Any CPU
	EndGlobalSection
	GlobalSection(ProjectConfigurationPlatforms) = postSolution
		{C8079CAD-801A-4A20-99FF-31E7FB399664}.Debug|Any CPU.ActiveCfg = Debug|Any CPU
		{C8079CAD-801A-4A20-99FF-31E7FB399664}.Debug|Any CPU.Build.0 = Debug|Any CPU
		{C8079CAD-801A-4A20-99FF-31E7FB399664}.Release|Any CPU.ActiveCfg = Release|Any CPU
		{C8079CAD-801A-4A20-99FF-31E7FB399664}.Release|Any CPU.Build.0 = Release|Any CPU
	EndGlobalSection
	GlobalSection(SolutionProperties) = preSolution
		HideSolutionNode = FALSE
	EndGlobalSection
	GlobalSection(ExtensibilityGlobals) = postSolution
		SolutionGuid = {293C3D17-8E58-4DEF-8D06-A6F64F14B2AF}
	EndGlobalSection
EndGlobal
